
Microsoft Visual Studio Solution File, Format Version 12.00
# Visual Studio Version 17
VisualStudioVersion = 17.8.34322.80
MinimumVisualStudioVersion = 10.0.40219.1
Project("{FAE04EC0-301F-11D3-BF4B-00C04F79EFBC}") = "WindowsFormsApp2", "WindowsFormsApp2\WindowsFormsApp2.csproj", "{006EE7D8-9AC3-4117-9F00-D0452C83409B}"
EndProject
Global
	GlobalSection(SolutionConfigurationPlatforms) = preSolution
		Debug|Any CPU = Debug|Any CPU
		Release|Any CPU = Release|Any CPU
	EndGlobalSection
	GlobalSection(ProjectConfigurationPlatforms) = postSolution
		{006EE7D8-9AC3-4117-9F00-D0452C83409B}.Debug|Any CPU.ActiveCfg = Debug|Any CPU
		{006EE7D8-9AC3-4117-9F00-D0452C83409B}.Debug|Any CPU.Build.0 = Debug|Any CPU
		{006EE7D8-9AC3-4117-9F00-D0452C83409B}.Release|Any CPU.ActiveCfg = Release|Any CPU
		{006EE7D8-9AC3-4117-9F00-D0452C83409B}.Release|Any CPU.Build.0 = Release|Any CPU
	EndGlobalSection
	GlobalSection(SolutionProperties) = preSolution
		HideSolutionNode = FALSE
	EndGlobalSection
	GlobalSection(ExtensibilityGlobals) = postSolution
		SolutionGuid = {D1B7339B-EC3F-4B13-B154-AD2885BC31D4}
	EndGlobalSection
EndGlobal
